
Microsoft Visual Studio Solution File, Format Version 12.00
# Visual Studio Version 17
VisualStudioVersion = 17.9.34622.214
MinimumVisualStudioVersion = 10.0.40219.1
Project("{FAE04EC0-301F-11D3-BF4B-00C04F79EFBC}") = "ProductManagementService", "ProductManagementService\ProductManagementService.csproj", "{688E58EC-458B-4AEA-9ECD-CAE232B7580D}"
EndProject
Global
	GlobalSection(SolutionConfigurationPlatforms) = preSolution
		Debug|Any CPU = Debug|Any CPU
		Release|Any CPU = Release|Any CPU
	EndGlobalSection
	GlobalSection(ProjectConfigurationPlatforms) = postSolution
		{688E58EC-458B-4AEA-9ECD-CAE232B7580D}.Debug|Any CPU.ActiveCfg = Debug|Any CPU
		{688E58EC-458B-4AEA-9ECD-CAE232B7580D}.Debug|Any CPU.Build.0 = Debug|Any CPU
		{688E58EC-458B-4AEA-9ECD-CAE232B7580D}.Release|Any CPU.ActiveCfg = Release|Any CPU
		{688E58EC-458B-4AEA-9ECD-CAE232B7580D}.Release|Any CPU.Build.0 = Release|Any CPU
	EndGlobalSection
	GlobalSection(SolutionProperties) = preSolution
		HideSolutionNode = FALSE
	EndGlobalSection
	GlobalSection(ExtensibilityGlobals) = postSolution
		SolutionGuid = {DCD7895A-E5C1-44E7-8213-F6120F15E6D7}
	EndGlobalSection
EndGlobal
